
Microsoft Visual Studio Solution File, Format Version 11.00
# Visual Studio 2010
Project("{FAE04EC0-301F-11D3-BF4B-00C04F79EFBC}") = "Assembly-CSharp", "Assembly-CSharp.csproj", "{F12EA828-D372-0A33-3D18-6093845A828E}"
EndProject
Global
	GlobalSection(SolutionConfigurationPlatforms) = preSolution
		Debug|Any CPU = Debug|Any CPU
		Release|Any CPU = Release|Any CPU
	EndGlobalSection
	GlobalSection(ProjectConfigurationPlatforms) = postSolution
		{F12EA828-D372-0A33-3D18-6093845A828E}.Debug|Any CPU.ActiveCfg = Debug|Any CPU
		{F12EA828-D372-0A33-3D18-6093845A828E}.Debug|Any CPU.Build.0 = Debug|Any CPU
		{F12EA828-D372-0A33-3D18-6093845A828E}.Release|Any CPU.ActiveCfg = Release|Any CPU
		{F12EA828-D372-0A33-3D18-6093845A828E}.Release|Any CPU.Build.0 = Release|Any CPU
	EndGlobalSection
	GlobalSection(SolutionProperties) = preSolution
		HideSolutionNode = FALSE
	EndGlobalSection
	GlobalSection(MonoDevelopProperties) = preSolution
		StartupItem = Assembly-CSharp.csproj
	EndGlobalSection
EndGlobal
